// !$*UTF8*$!
{
	archiveVersion = 1;
	classes = {
	};
	objectVersion = 56;
	objects = {

/* Begin PBXBuildFile section */
		88471E852953523200DE5B02 /* GoogleService-Info.plist in Resources */ = {isa = PBXBuildFile; fileRef = 88471E842953523200DE5B02 /* GoogleService-Info.plist */; };
		884D13592912A3B200461D11 /* StuddyBuddiesApp.swift in Sources */ = {isa = PBXBuildFile; fileRef = 884D13582912A3B200461D11 /* StuddyBuddiesApp.swift */; };
		884D135B2912A3B200461D11 /* ContentView.swift in Sources */ = {isa = PBXBuildFile; fileRef = 884D135A2912A3B200461D11 /* ContentView.swift */; };
		884D135D2912A3B300461D11 /* Assets.xcassets in Resources */ = {isa = PBXBuildFile; fileRef = 884D135C2912A3B300461D11 /* Assets.xcassets */; };
		884D13602912A3B300461D11 /* Preview Assets.xcassets in Resources */ = {isa = PBXBuildFile; fileRef = 884D135F2912A3B300461D11 /* Preview Assets.xcassets */; };
		884D13682912A5A600461D11 /* CustomInputEmail.swift in Sources */ = {isa = PBXBuildFile; fileRef = 884D13672912A5A600461D11 /* CustomInputEmail.swift */; };
		884D136A2912A5CD00461D11 /* CustomInputPassword.swift in Sources */ = {isa = PBXBuildFile; fileRef = 884D13692912A5CD00461D11 /* CustomInputPassword.swift */; };
		884D136C2912A6D800461D11 /* LoginUIView.swift in Sources */ = {isa = PBXBuildFile; fileRef = 884D136B2912A6D800461D11 /* LoginUIView.swift */; };
		884D136F2912ABA300461D11 /* SignUpUIView.swift in Sources */ = {isa = PBXBuildFile; fileRef = 884D136E2912ABA300461D11 /* SignUpUIView.swift */; };
		884D13722912AD4F00461D11 /* AuthLog.swift in Sources */ = {isa = PBXBuildFile; fileRef = 884D13712912AD4F00461D11 /* AuthLog.swift */; };
		884D13752912AE7300461D11 /* FirebaseAuth in Frameworks */ = {isa = PBXBuildFile; productRef = 884D13742912AE7300461D11 /* FirebaseAuth */; };
		884D13772912AE7300461D11 /* FirebaseDatabase in Frameworks */ = {isa = PBXBuildFile; productRef = 884D13762912AE7300461D11 /* FirebaseDatabase */; };
		884D13792912AE7300461D11 /* FirebaseFirestore in Frameworks */ = {isa = PBXBuildFile; productRef = 884D13782912AE7300461D11 /* FirebaseFirestore */; };
		884D137B2912AE7300461D11 /* FirebaseStorage in Frameworks */ = {isa = PBXBuildFile; productRef = 884D137A2912AE7300461D11 /* FirebaseStorage */; };
		884D137F2912BC8600461D11 /* ResetPasswordUI.swift in Sources */ = {isa = PBXBuildFile; fileRef = 884D137E2912BC8600461D11 /* ResetPasswordUI.swift */; };
		884D13812912BD7100461D11 /* MainViewUI.swift in Sources */ = {isa = PBXBuildFile; fileRef = 884D13802912BD7100461D11 /* MainViewUI.swift */; };
		884D13832912BDB100461D11 /* TabBarCustom.swift in Sources */ = {isa = PBXBuildFile; fileRef = 884D13822912BDB100461D11 /* TabBarCustom.swift */; };
		887958F52916D44E006A6B19 /* ProfileView.swift in Sources */ = {isa = PBXBuildFile; fileRef = 887958F42916D44E006A6B19 /* ProfileView.swift */; };
		887958F72919817F006A6B19 /* FavouritesUI.swift in Sources */ = {isa = PBXBuildFile; fileRef = 887958F62919817F006A6B19 /* FavouritesUI.swift */; };
/* End PBXBuildFile section */

/* Begin PBXFileReference section */
		88471E842953523200DE5B02 /* GoogleService-Info.plist */ = {isa = PBXFileReference; fileEncoding = 4; lastKnownFileType = text.plist.xml; path = "GoogleService-Info.plist"; sourceTree = "<group>"; };
		884D13552912A3B200461D11 /* StuddyBuddies.app */ = {isa = PBXFileReference; explicitFileType = wrapper.application; includeInIndex = 0; path = StuddyBuddies.app; sourceTree = BUILT_PRODUCTS_DIR; };
		884D13582912A3B200461D11 /* StuddyBuddiesApp.swift */ = {isa = PBXFileReference; lastKnownFileType = sourcecode.swift; path = StuddyBuddiesApp.swift; sourceTree = "<group>"; };
		884D135A2912A3B200461D11 /* ContentView.swift */ = {isa = PBXFileReference; lastKnownFileType = sourcecode.swift; path = ContentView.swift; sourceTree = "<group>"; };
		884D135C2912A3B300461D11 /* Assets.xcassets */ = {isa = PBXFileReference; lastKnownFileType = folder.assetcatalog; path = Assets.xcassets; sourceTree = "<group>"; };
		884D135F2912A3B300461D11 /* Preview Assets.xcassets */ = {isa = PBXFileReference; lastKnownFileType = folder.assetcatalog; path = "Preview Assets.xcassets"; sourceTree = "<group>"; };
		884D13672912A5A600461D11 /* CustomInputEmail.swift */ = {isa = PBXFileReference; lastKnownFileType = sourcecode.swift; path = CustomInputEmail.swift; sourceTree = "<group>"; };
		884D13692912A5CD00461D11 /* CustomInputPassword.swift */ = {isa = PBXFileReference; lastKnownFileType = sourcecode.swift; path = CustomInputPassword.swift; sourceTree = "<group>"; };
		884D136B2912A6D800461D11 /* LoginUIView.swift */ = {isa = PBXFileReference; lastKnownFileType = sourcecode.swift; path = LoginUIView.swift; sourceTree = "<group>"; };
		884D136E2912ABA300461D11 /* SignUpUIView.swift */ = {isa = PBXFileReference; lastKnownFileType = sourcecode.swift; path = SignUpUIView.swift; sourceTree = "<group>"; };
		884D13712912AD4F00461D11 /* AuthLog.swift */ = {isa = PBXFileReference; lastKnownFileType = sourcecode.swift; path = AuthLog.swift; sourceTree = "<group>"; };
		884D137E2912BC8600461D11 /* ResetPasswordUI.swift */ = {isa = PBXFileReference; lastKnownFileType = sourcecode.swift; path = ResetPasswordUI.swift; sourceTree = "<group>"; };
		884D13802912BD7100461D11 /* MainViewUI.swift */ = {isa = PBXFileReference; lastKnownFileType = sourcecode.swift; path = MainViewUI.swift; sourceTree = "<group>"; };
		884D13822912BDB100461D11 /* TabBarCustom.swift */ = {isa = PBXFileReference; lastKnownFileType = sourcecode.swift; path = TabBarCustom.swift; sourceTree = "<group>"; };
		887958F42916D44E006A6B19 /* ProfileView.swift */ = {isa = PBXFileReference; lastKnownFileType = sourcecode.swift; path = ProfileView.swift; sourceTree = "<group>"; };
		887958F62919817F006A6B19 /* FavouritesUI.swift */ = {isa = PBXFileReference; lastKnownFileType = sourcecode.swift; path = FavouritesUI.swift; sourceTree = "<group>"; };
/* End PBXFileReference section */

/* Begin PBXFrameworksBuildPhase section */
		884D13522912A3B200461D11 /* Frameworks */ = {
			isa = PBXFrameworksBuildPhase;
			buildActionMask = 2147483647;
			files = (
				884D13772912AE7300461D11 /* FirebaseDatabase in Frameworks */,
				884D137B2912AE7300461D11 /* FirebaseStorage in Frameworks */,
				884D13752912AE7300461D11 /* FirebaseAuth in Frameworks */,
				884D13792912AE7300461D11 /* FirebaseFirestore in Frameworks */,
			);
			runOnlyForDeploymentPostprocessing = 0;
		};
/* End PBXFrameworksBuildPhase section */

/* Begin PBXGroup section */
		884D134C2912A3B200461D11 = {
			isa = PBXGroup;
			children = (
				884D13572912A3B200461D11 /* StuddyBuddies */,
				884D13562912A3B200461D11 /* Products */,
			);
			sourceTree = "<group>";
		};
		884D13562912A3B200461D11 /* Products */ = {
			isa = PBXGroup;
			children = (
				884D13552912A3B200461D11 /* StuddyBuddies.app */,
			);
			name = Products;
			sourceTree = "<group>";
		};
		884D13572912A3B200461D11 /* StuddyBuddies */ = {
			isa = PBXGroup;
			children = (
				884D13702912AD3A00461D11 /* ViewModel */,
				884D136D2912AB8300461D11 /* Views */,
				884D13662912A59000461D11 /* CustomComponents */,
				884D13582912A3B200461D11 /* StuddyBuddiesApp.swift */,
				884D135A2912A3B200461D11 /* ContentView.swift */,
				884D135C2912A3B300461D11 /* Assets.xcassets */,
				88471E842953523200DE5B02 /* GoogleService-Info.plist */,
				884D135E2912A3B300461D11 /* Preview Content */,
			);
			path = StuddyBuddies;
			sourceTree = "<group>";
		};
		884D135E2912A3B300461D11 /* Preview Content */ = {
			isa = PBXGroup;
			children = (
				884D135F2912A3B300461D11 /* Preview Assets.xcassets */,
			);
			path = "Preview Content";
			sourceTree = "<group>";
		};
		884D13662912A59000461D11 /* CustomComponents */ = {
			isa = PBXGroup;
			children = (
				884D13672912A5A600461D11 /* CustomInputEmail.swift */,
				884D13692912A5CD00461D11 /* CustomInputPassword.swift */,
				884D13822912BDB100461D11 /* TabBarCustom.swift */,
			);
			path = CustomComponents;
			sourceTree = "<group>";
		};
		884D136D2912AB8300461D11 /* Views */ = {
			isa = PBXGroup;
			children = (
				884D136B2912A6D800461D11 /* LoginUIView.swift */,
				884D136E2912ABA300461D11 /* SignUpUIView.swift */,
				884D137E2912BC8600461D11 /* ResetPasswordUI.swift */,
				884D13802912BD7100461D11 /* MainViewUI.swift */,
				887958F42916D44E006A6B19 /* ProfileView.swift */,
				887958F62919817F006A6B19 /* FavouritesUI.swift */,
			);
			path = Views;
			sourceTree = "<group>";
		};
		884D13702912AD3A00461D11 /* ViewModel */ = {
			isa = PBXGroup;
			children = (
				884D13712912AD4F00461D11 /* AuthLog.swift */,
			);
			path = ViewModel;
			sourceTree = "<group>";
		};
/* End PBXGroup section */

/* Begin PBXNativeTarget section */
		884D13542912A3B200461D11 /* StuddyBuddies */ = {
			isa = PBXNativeTarget;
			buildConfigurationList = 884D13632912A3B300461D11 /* Build configuration list for PBXNativeTarget "StuddyBuddies" */;
			buildPhases = (
				884D13512912A3B200461D11 /* Sources */,
				884D13522912A3B200461D11 /* Frameworks */,
				884D13532912A3B200461D11 /* Resources */,
			);
			buildRules = (
			);
			dependencies = (
			);
			name = StuddyBuddies;
			packageProductDependencies = (
				884D13742912AE7300461D11 /* FirebaseAuth */,
				884D13762912AE7300461D11 /* FirebaseDatabase */,
				884D13782912AE7300461D11 /* FirebaseFirestore */,
				884D137A2912AE7300461D11 /* FirebaseStorage */,
			);
			productName = StuddyBuddies;
			productReference = 884D13552912A3B200461D11 /* StuddyBuddies.app */;
			productType = "com.apple.product-type.application";
		};
/* End PBXNativeTarget section */

/* Begin PBXProject section */
		884D134D2912A3B200461D11 /* Project object */ = {
			isa = PBXProject;
			attributes = {
				BuildIndependentTargetsInParallel = 1;
				LastSwiftUpdateCheck = 1400;
				LastUpgradeCheck = 1400;
				TargetAttributes = {
					884D13542912A3B200461D11 = {
						CreatedOnToolsVersion = 14.0.1;
					};
				};
			};
			buildConfigurationList = 884D13502912A3B200461D11 /* Build configuration list for PBXProject "StuddyBuddies" */;
			compatibilityVersion = "Xcode 14.0";
			developmentRegion = en;
			hasScannedForEncodings = 0;
			knownRegions = (
				en,
				Base,
			);
			mainGroup = 884D134C2912A3B200461D11;
			packageReferences = (
				884D13732912AE7300461D11 /* XCRemoteSwiftPackageReference "firebase-ios-sdk" */,
			);
			productRefGroup = 884D13562912A3B200461D11 /* Products */;
			projectDirPath = "";
			projectRoot = "";
			targets = (
				884D13542912A3B200461D11 /* StuddyBuddies */,
			);
		};
/* End PBXProject section */

/* Begin PBXResourcesBuildPhase section */
		884D13532912A3B200461D11 /* Resources */ = {
			isa = PBXResourcesBuildPhase;
			buildActionMask = 2147483647;
			files = (
				884D13602912A3B300461D11 /* Preview Assets.xcassets in Resources */,
				88471E852953523200DE5B02 /* GoogleService-Info.plist in Resources */,
				884D135D2912A3B300461D11 /* Assets.xcassets in Resources */,
			);
			runOnlyForDeploymentPostprocessing = 0;
		};
/* End PBXResourcesBuildPhase section */

/* Begin PBXSourcesBuildPhase section */
		884D13512912A3B200461D11 /* Sources */ = {
			isa = PBXSourcesBuildPhase;
			buildActionMask = 2147483647;
			files = (
				884D136C2912A6D800461D11 /* LoginUIView.swift in Sources */,
				884D13812912BD7100461D11 /* MainViewUI.swift in Sources */,
				884D13832912BDB100461D11 /* TabBarCustom.swift in Sources */,
				887958F72919817F006A6B19 /* FavouritesUI.swift in Sources */,
				884D135B2912A3B200461D11 /* ContentView.swift in Sources */,
				884D13722912AD4F00461D11 /* AuthLog.swift in Sources */,
				884D13682912A5A600461D11 /* CustomInputEmail.swift in Sources */,
				884D137F2912BC8600461D11 /* ResetPasswordUI.swift in Sources */,
				884D136A2912A5CD00461D11 /* CustomInputPassword.swift in Sources */,
				884D136F2912ABA300461D11 /* SignUpUIView.swift in Sources */,
				887958F52916D44E006A6B19 /* ProfileView.swift in Sources */,
				884D13592912A3B200461D11 /* StuddyBuddiesApp.swift in Sources */,
			);
			runOnlyForDeploymentPostprocessing = 0;
		};
/* End PBXSourcesBuildPhase section */

/* Begin XCBuildConfiguration section */
		884D13612912A3B300461D11 /* Debug */ = {
			isa = XCBuildConfiguration;
			buildSettings = {
				ALWAYS_SEARCH_USER_PATHS = NO;
				CLANG_ANALYZER_NONNULL = YES;
				CLANG_ANALYZER_NUMBER_OBJECT_CONVERSION = YES_AGGRESSIVE;
				CLANG_CXX_LANGUAGE_STANDARD = "gnu++20";
				CLANG_ENABLE_MODULES = YES;
				CLANG_ENABLE_OBJC_ARC = YES;
				CLANG_ENABLE_OBJC_WEAK = YES;
				CLANG_WARN_BLOCK_CAPTURE_AUTORELEASING = YES;
				CLANG_WARN_BOOL_CONVERSION = YES;
				CLANG_WARN_COMMA = YES;
				CLANG_WARN_CONSTANT_CONVERSION = YES;
				CLANG_WARN_DEPRECATED_OBJC_IMPLEMENTATIONS = YES;
				CLANG_WARN_DIRECT_OBJC_ISA_USAGE = YES_ERROR;
				CLANG_WARN_DOCUMENTATION_COMMENTS = YES;
				CLANG_WARN_EMPTY_BODY = YES;
				CLANG_WARN_ENUM_CONVERSION = YES;
				CLANG_WARN_INFINITE_RECURSION = YES;
				CLANG_WARN_INT_CONVERSION = YES;
				CLANG_WARN_NON_LITERAL_NULL_CONVERSION = YES;
				CLANG_WARN_OBJC_IMPLICIT_RETAIN_SELF = YES;
				CLANG_WARN_OBJC_LITERAL_CONVERSION = YES;
				CLANG_WARN_OBJC_ROOT_CLASS = YES_ERROR;
				CLANG_WARN_QUOTED_INCLUDE_IN_FRAMEWORK_HEADER = YES;
				CLANG_WARN_RANGE_LOOP_ANALYSIS = YES;
				CLANG_WARN_STRICT_PROTOTYPES = YES;
				CLANG_WARN_SUSPICIOUS_MOVE = YES;
				CLANG_WARN_UNGUARDED_AVAILABILITY = YES_AGGRESSIVE;
				CLANG_WARN_UNREACHABLE_CODE = YES;
				CLANG_WARN__DUPLICATE_METHOD_MATCH = YES;
				COPY_PHASE_STRIP = NO;
				DEBUG_INFORMATION_FORMAT = dwarf;
				ENABLE_STRICT_OBJC_MSGSEND = YES;
				ENABLE_TESTABILITY = YES;
				GCC_C_LANGUAGE_STANDARD = gnu11;
				GCC_DYNAMIC_NO_PIC = NO;
				GCC_NO_COMMON_BLOCKS = YES;
				GCC_OPTIMIZATION_LEVEL = 0;
				GCC_PREPROCESSOR_DEFINITIONS = (
					"DEBUG=1",
					"$(inherited)",
				);
				GCC_WARN_64_TO_32_BIT_CONVERSION = YES;
				GCC_WARN_ABOUT_RETURN_TYPE = YES_ERROR;
				GCC_WARN_UNDECLARED_SELECTOR = YES;
				GCC_WARN_UNINITIALIZED_AUTOS = YES_AGGRESSIVE;
				GCC_WARN_UNUSED_FUNCTION = YES;
				GCC_WARN_UNUSED_VARIABLE = YES;
				IPHONEOS_DEPLOYMENT_TARGET = 16.0;
				MTL_ENABLE_DEBUG_INFO = INCLUDE_SOURCE;
				MTL_FAST_MATH = YES;
				ONLY_ACTIVE_ARCH = YES;
				SDKROOT = iphoneos;
				SWIFT_ACTIVE_COMPILATION_CONDITIONS = DEBUG;
				SWIFT_OPTIMIZATION_LEVEL = "-Onone";
			};
			name = Debug;
		};
		884D13622912A3B300461D11 /* Release */ = {
			isa = XCBuildConfiguration;
			buildSettings = {
				ALWAYS_SEARCH_USER_PATHS = NO;
				CLANG_ANALYZER_NONNULL = YES;
				CLANG_ANALYZER_NUMBER_OBJECT_CONVERSION = YES_AGGRESSIVE;
				CLANG_CXX_LANGUAGE_STANDARD = "gnu++20";
				CLANG_ENABLE_MODULES = YES;
				CLANG_ENABLE_OBJC_ARC = YES;
				CLANG_ENABLE_OBJC_WEAK = YES;
				CLANG_WARN_BLOCK_CAPTURE_AUTORELEASING = YES;
				CLANG_WARN_BOOL_CONVERSION = YES;
				CLANG_WARN_COMMA = YES;
				CLANG_WARN_CONSTANT_CONVERSION = YES;
				CLANG_WARN_DEPRECATED_OBJC_IMPLEMENTATIONS = YES;
				CLANG_WARN_DIRECT_OBJC_ISA_USAGE = YES_ERROR;
				CLANG_WARN_DOCUMENTATION_COMMENTS = YES;
				CLANG_WARN_EMPTY_BODY = YES;
				CLANG_WARN_ENUM_CONVERSION = YES;
				CLANG_WARN_INFINITE_RECURSION = YES;
				CLANG_WARN_INT_CONVERSION = YES;
				CLANG_WARN_NON_LITERAL_NULL_CONVERSION = YES;
				CLANG_WARN_OBJC_IMPLICIT_RETAIN_SELF = YES;
				CLANG_WARN_OBJC_LITERAL_CONVERSION = YES;
				CLANG_WARN_OBJC_ROOT_CLASS = YES_ERROR;
				CLANG_WARN_QUOTED_INCLUDE_IN_FRAMEWORK_HEADER = YES;
				CLANG_WARN_RANGE_LOOP_ANALYSIS = YES;
				CLANG_WARN_STRICT_PROTOTYPES = YES;
				CLANG_WARN_SUSPICIOUS_MOVE = YES;
				CLANG_WARN_UNGUARDED_AVAILABILITY = YES_AGGRESSIVE;
				CLANG_WARN_UNREACHABLE_CODE = YES;
				CLANG_WARN__DUPLICATE_METHOD_MATCH = YES;
				COPY_PHASE_STRIP = NO;
				DEBUG_INFORMATION_FORMAT = "dwarf-with-dsym";
				ENABLE_NS_ASSERTIONS = NO;
				ENABLE_STRICT_OBJC_MSGSEND = YES;
				GCC_C_LANGUAGE_STANDARD = gnu11;
				GCC_NO_COMMON_BLOCKS = YES;
				GCC_WARN_64_TO_32_BIT_CONVERSION = YES;
				GCC_WARN_ABOUT_RETURN_TYPE = YES_ERROR;
				GCC_WARN_UNDECLARED_SELECTOR = YES;
				GCC_WARN_UNINITIALIZED_AUTOS = YES_AGGRESSIVE;
				GCC_WARN_UNUSED_FUNCTION = YES;
				GCC_WARN_UNUSED_VARIABLE = YES;
				IPHONEOS_DEPLOYMENT_TARGET = 16.0;
				MTL_ENABLE_DEBUG_INFO = NO;
				MTL_FAST_MATH = YES;
				SDKROOT = iphoneos;
				SWIFT_COMPILATION_MODE = wholemodule;
				SWIFT_OPTIMIZATION_LEVEL = "-O";
				VALIDATE_PRODUCT = YES;
			};
			name = Release;
		};
		884D13642912A3B300461D11 /* Debug */ = {
			isa = XCBuildConfiguration;
			buildSettings = {
				ASSETCATALOG_COMPILER_APPICON_NAME = AppIcon;
				ASSETCATALOG_COMPILER_GLOBAL_ACCENT_COLOR_NAME = AccentColor;
				CODE_SIGN_STYLE = Automatic;
				CURRENT_PROJECT_VERSION = 1;
				DEVELOPMENT_ASSET_PATHS = "\"StuddyBuddies/Preview Content\"";
				DEVELOPMENT_TEAM = DMGRYYH4JQ;
				ENABLE_PREVIEWS = YES;
				GENERATE_INFOPLIST_FILE = YES;
				INFOPLIST_KEY_CFBundleDisplayName = StudyBuddies;
				INFOPLIST_KEY_UIApplicationSceneManifest_Generation = YES;
				INFOPLIST_KEY_UIApplicationSupportsIndirectInputEvents = YES;
				INFOPLIST_KEY_UILaunchScreen_Generation = YES;
				INFOPLIST_KEY_UISupportedInterfaceOrientations = UIInterfaceOrientationPortrait;
				INFOPLIST_KEY_UISupportedInterfaceOrientations_iPad = "UIInterfaceOrientationLandscapeLeft UIInterfaceOrientationLandscapeRight UIInterfaceOrientationPortrait UIInterfaceOrientationPortraitUpsideDown";
				LD_RUNPATH_SEARCH_PATHS = (
					"$(inherited)",
					"@executable_path/Frameworks",
				);
				MARKETING_VERSION = 1.0;
				PRODUCT_BUNDLE_IDENTIFIER = StudyBuddiess.StuddyBuddies;
				PRODUCT_NAME = "$(TARGET_NAME)";
				SUPPORTED_PLATFORMS = "iphoneos iphonesimulator";
				SUPPORTS_MACCATALYST = NO;
				SUPPORTS_MAC_DESIGNED_FOR_IPHONE_IPAD = NO;
				SWIFT_EMIT_LOC_STRINGS = YES;
				SWIFT_VERSION = 5.0;
				TARGETED_DEVICE_FAMILY = "1,2";
			};
			name = Debug;
		};
		884D13652912A3B300461D11 /* Release */ = {
			isa = XCBuildConfiguration;
			buildSettings = {
				ASSETCATALOG_COMPILER_APPICON_NAME = AppIcon;
				ASSETCATALOG_COMPILER_GLOBAL_ACCENT_COLOR_NAME = AccentColor;
				CODE_SIGN_STYLE = Automatic;
				CURRENT_PROJECT_VERSION = 1;
				DEVELOPMENT_ASSET_PATHS = "\"StuddyBuddies/Preview Content\"";
				DEVELOPMENT_TEAM = DMGRYYH4JQ;
				ENABLE_PREVIEWS = YES;
				GENERATE_INFOPLIST_FILE = YES;
				INFOPLIST_KEY_CFBundleDisplayName = StudyBuddies;
				INFOPLIST_KEY_UIApplicationSceneManifest_Generation = YES;
				INFOPLIST_KEY_UIApplicationSupportsIndirectInputEvents = YES;
				INFOPLIST_KEY_UILaunchScreen_Generation = YES;
				INFOPLIST_KEY_UISupportedInterfaceOrientations = UIInterfaceOrientationPortrait;
				INFOPLIST_KEY_UISupportedInterfaceOrientations_iPad = "UIInterfaceOrientationLandscapeLeft UIInterfaceOrientationLandscapeRight UIInterfaceOrientationPortrait UIInterfaceOrientationPortraitUpsideDown";
				LD_RUNPATH_SEARCH_PATHS = (
					"$(inherited)",
					"@executable_path/Frameworks",
				);
				MARKETING_VERSION = 1.0;
				PRODUCT_BUNDLE_IDENTIFIER = StudyBuddiess.StuddyBuddies;
				PRODUCT_NAME = "$(TARGET_NAME)";
				SUPPORTED_PLATFORMS = "iphoneos iphonesimulator";
				SUPPORTS_MACCATALYST = NO;
				SUPPORTS_MAC_DESIGNED_FOR_IPHONE_IPAD = NO;
				SWIFT_EMIT_LOC_STRINGS = YES;
				SWIFT_VERSION = 5.0;
				TARGETED_DEVICE_FAMILY = "1,2";
			};
			name = Release;
		};
/* End XCBuildConfiguration section */

/* Begin XCConfigurationList section */
		884D13502912A3B200461D11 /* Build configuration list for PBXProject "StuddyBuddies" */ = {
			isa = XCConfigurationList;
			buildConfigurations = (
				884D13612912A3B300461D11 /* Debug */,
				884D13622912A3B300461D11 /* Release */,
			);
			defaultConfigurationIsVisible = 0;
			defaultConfigurationName = Release;
		};
		884D13632912A3B300461D11 /* Build configuration list for PBXNativeTarget "StuddyBuddies" */ = {
			isa = XCConfigurationList;
			buildConfigurations = (
				884D13642912A3B300461D11 /* Debug */,
				884D13652912A3B300461D11 /* Release */,
			);
			defaultConfigurationIsVisible = 0;
			defaultConfigurationName = Release;
		};
/* End XCConfigurationList section */

/* Begin XCRemoteSwiftPackageReference section */
		884D13732912AE7300461D11 /* XCRemoteSwiftPackageReference "firebase-ios-sdk" */ = {
			isa = XCRemoteSwiftPackageReference;
			repositoryURL = "https://github.com/firebase/firebase-ios-sdk.git";
			requirement = {
				kind = upToNextMajorVersion;
				minimumVersion = 9.0.0;
			};
		};
/* End XCRemoteSwiftPackageReference section */

/* Begin XCSwiftPackageProductDependency section */
		884D13742912AE7300461D11 /* FirebaseAuth */ = {
			isa = XCSwiftPackageProductDependency;
			package = 884D13732912AE7300461D11 /* XCRemoteSwiftPackageReference "firebase-ios-sdk" */;
			productName = FirebaseAuth;
		};
		884D13762912AE7300461D11 /* FirebaseDatabase */ = {
			isa = XCSwiftPackageProductDependency;
			package = 884D13732912AE7300461D11 /* XCRemoteSwiftPackageReference "firebase-ios-sdk" */;
			productName = FirebaseDatabase;
		};
		884D13782912AE7300461D11 /* FirebaseFirestore */ = {
			isa = XCSwiftPackageProductDependency;
			package = 884D13732912AE7300461D11 /* XCRemoteSwiftPackageReference "firebase-ios-sdk" */;
			productName = FirebaseFirestore;
		};
		884D137A2912AE7300461D11 /* FirebaseStorage */ = {
			isa = XCSwiftPackageProductDependency;
			package = 884D13732912AE7300461D11 /* XCRemoteSwiftPackageReference "firebase-ios-sdk" */;
			productName = FirebaseStorage;
		};
/* End XCSwiftPackageProductDependency section */
	};
	rootObject = 884D134D2912A3B200461D11 /* Project object */;
}
