// !$*UTF8*$!
{
	archiveVersion = 1;
	classes = {
	};
	objectVersion = 56;
	objects = {

/* Begin PBXBuildFile section */
		8802B8972A098EAA00674C0B /* onBoarding_1.swift in Sources */ = {isa = PBXBuildFile; fileRef = 8802B8962A098EAA00674C0B /* onBoarding_1.swift */; };
		8802B8992A09A09200674C0B /* onBoarding_2.swift in Sources */ = {isa = PBXBuildFile; fileRef = 8802B8982A09A09200674C0B /* onBoarding_2.swift */; };
		8802B89B2A09A7C700674C0B /* onBoarding_3.swift in Sources */ = {isa = PBXBuildFile; fileRef = 8802B89A2A09A7C700674C0B /* onBoarding_3.swift */; };
		881340AB2A0BB88F0086C540 /* newMessageViewUI.swift in Sources */ = {isa = PBXBuildFile; fileRef = 881340AA2A0BB88F0086C540 /* newMessageViewUI.swift */; };
		881BDD0D299D300B007E6D93 /* FirebaseFirestoreSwift in Frameworks */ = {isa = PBXBuildFile; productRef = 881BDD0C299D300B007E6D93 /* FirebaseFirestoreSwift */; };
		881E3CDF297EDF200093EA7E /* ProfilePhotoSelectorUI.swift in Sources */ = {isa = PBXBuildFile; fileRef = 881E3CDE297EDF200093EA7E /* ProfilePhotoSelectorUI.swift */; };
		883E00AC298AA0A7005241C2 /* CustomTabBar.swift in Sources */ = {isa = PBXBuildFile; fileRef = 883E00AB298AA0A7005241C2 /* CustomTabBar.swift */; };
		883E00B42992CE92005241C2 /* CardUI.swift in Sources */ = {isa = PBXBuildFile; fileRef = 883E00B32992CE92005241C2 /* CardUI.swift */; };
		883E00B829952B2F005241C2 /* settingsView.swift in Sources */ = {isa = PBXBuildFile; fileRef = 883E00B729952B2F005241C2 /* settingsView.swift */; };
		884700722A0C4A350056E792 /* messageListUsers.swift in Sources */ = {isa = PBXBuildFile; fileRef = 884700712A0C4A350056E792 /* messageListUsers.swift */; };
		88471E852953523200DE5B02 /* GoogleService-Info.plist in Resources */ = {isa = PBXBuildFile; fileRef = 88471E842953523200DE5B02 /* GoogleService-Info.plist */; };
		884D13592912A3B200461D11 /* StuddyBuddiesApp.swift in Sources */ = {isa = PBXBuildFile; fileRef = 884D13582912A3B200461D11 /* StuddyBuddiesApp.swift */; };
		884D135B2912A3B200461D11 /* ContentView.swift in Sources */ = {isa = PBXBuildFile; fileRef = 884D135A2912A3B200461D11 /* ContentView.swift */; };
		884D135D2912A3B300461D11 /* Assets.xcassets in Resources */ = {isa = PBXBuildFile; fileRef = 884D135C2912A3B300461D11 /* Assets.xcassets */; };
		884D13602912A3B300461D11 /* Preview Assets.xcassets in Resources */ = {isa = PBXBuildFile; fileRef = 884D135F2912A3B300461D11 /* Preview Assets.xcassets */; };
		884D13682912A5A600461D11 /* CustomInputEmail.swift in Sources */ = {isa = PBXBuildFile; fileRef = 884D13672912A5A600461D11 /* CustomInputEmail.swift */; };
		884D136A2912A5CD00461D11 /* CustomInputPassword.swift in Sources */ = {isa = PBXBuildFile; fileRef = 884D13692912A5CD00461D11 /* CustomInputPassword.swift */; };
		884D136C2912A6D800461D11 /* LoginUIView.swift in Sources */ = {isa = PBXBuildFile; fileRef = 884D136B2912A6D800461D11 /* LoginUIView.swift */; };
		884D136F2912ABA300461D11 /* SignUpUIView.swift in Sources */ = {isa = PBXBuildFile; fileRef = 884D136E2912ABA300461D11 /* SignUpUIView.swift */; };
		884D13722912AD4F00461D11 /* AuthLog.swift in Sources */ = {isa = PBXBuildFile; fileRef = 884D13712912AD4F00461D11 /* AuthLog.swift */; };
		884D13752912AE7300461D11 /* FirebaseAuth in Frameworks */ = {isa = PBXBuildFile; productRef = 884D13742912AE7300461D11 /* FirebaseAuth */; };
		884D13772912AE7300461D11 /* FirebaseDatabase in Frameworks */ = {isa = PBXBuildFile; productRef = 884D13762912AE7300461D11 /* FirebaseDatabase */; };
		884D13792912AE7300461D11 /* FirebaseFirestore in Frameworks */ = {isa = PBXBuildFile; productRef = 884D13782912AE7300461D11 /* FirebaseFirestore */; };
		884D137B2912AE7300461D11 /* FirebaseStorage in Frameworks */ = {isa = PBXBuildFile; productRef = 884D137A2912AE7300461D11 /* FirebaseStorage */; };
		884D137F2912BC8600461D11 /* ResetPasswordUI.swift in Sources */ = {isa = PBXBuildFile; fileRef = 884D137E2912BC8600461D11 /* ResetPasswordUI.swift */; };
		884D13812912BD7100461D11 /* MainViewUI.swift in Sources */ = {isa = PBXBuildFile; fileRef = 884D13802912BD7100461D11 /* MainViewUI.swift */; };
		884D13832912BDB100461D11 /* TabBarCustom.swift in Sources */ = {isa = PBXBuildFile; fileRef = 884D13822912BDB100461D11 /* TabBarCustom.swift */; };
		88550CE42A0C625B00157155 /* CustomInputAge.swift in Sources */ = {isa = PBXBuildFile; fileRef = 88550CE32A0C625B00157155 /* CustomInputAge.swift */; };
		88550CE62A0C73DB00157155 /* chatLogViewUI.swift in Sources */ = {isa = PBXBuildFile; fileRef = 88550CE52A0C73DB00157155 /* chatLogViewUI.swift */; };
		88550CEB2A0C854400157155 /* newMessageModel.swift in Sources */ = {isa = PBXBuildFile; fileRef = 88550CEA2A0C854400157155 /* newMessageModel.swift */; };
		88550CEF2A0D28A100157155 /* recentMessgaeModel.swift in Sources */ = {isa = PBXBuildFile; fileRef = 88550CEE2A0D28A100157155 /* recentMessgaeModel.swift */; };
		88550CF12A0DD28500157155 /* FirebaseManager.swift in Sources */ = {isa = PBXBuildFile; fileRef = 88550CF02A0DD28500157155 /* FirebaseManager.swift */; };
		88550CF32A0E5E0300157155 /* SplashScreen.swift in Sources */ = {isa = PBXBuildFile; fileRef = 88550CF22A0E5E0300157155 /* SplashScreen.swift */; };
		8860EFAA2A1A2D35003E78F1 /* CustomInputCourse.swift in Sources */ = {isa = PBXBuildFile; fileRef = 8860EFA92A1A2D35003E78F1 /* CustomInputCourse.swift */; };
		8860EFAC2A1A2D73003E78F1 /* Subjects.swift in Sources */ = {isa = PBXBuildFile; fileRef = 8860EFAB2A1A2D73003E78F1 /* Subjects.swift */; };
		8874743A29A3C93900BA125C /* UserProfile.swift in Sources */ = {isa = PBXBuildFile; fileRef = 8874743929A3C93800BA125C /* UserProfile.swift */; };
		887958F52916D44E006A6B19 /* ProfileView.swift in Sources */ = {isa = PBXBuildFile; fileRef = 887958F42916D44E006A6B19 /* ProfileView.swift */; };
		887958F72919817F006A6B19 /* FavouritesUI.swift in Sources */ = {isa = PBXBuildFile; fileRef = 887958F62919817F006A6B19 /* FavouritesUI.swift */; };
		889744052A14F343004BDA9C /* Enums.swift in Sources */ = {isa = PBXBuildFile; fileRef = 889743FD2A14F343004BDA9C /* Enums.swift */; };
		889744062A14F343004BDA9C /* Extensions.swift in Sources */ = {isa = PBXBuildFile; fileRef = 889743FE2A14F343004BDA9C /* Extensions.swift */; };
		889744072A14F343004BDA9C /* Macros.swift in Sources */ = {isa = PBXBuildFile; fileRef = 889743FF2A14F343004BDA9C /* Macros.swift */; };
		889744092A14F524004BDA9C /* FirestoreManager.swift in Sources */ = {isa = PBXBuildFile; fileRef = 889744082A14F524004BDA9C /* FirestoreManager.swift */; };
		8897440B2A14F781004BDA9C /* mainViewModel.swift in Sources */ = {isa = PBXBuildFile; fileRef = 8897440A2A14F781004BDA9C /* mainViewModel.swift */; };
		8898595C2A16473F0090564D /* FavouritesViewModel.swift in Sources */ = {isa = PBXBuildFile; fileRef = 8898595B2A16473F0090564D /* FavouritesViewModel.swift */; };
		88A0E31A2A1670FF006742EB /* ProgressHUD in Frameworks */ = {isa = PBXBuildFile; productRef = 88A0E3192A1670FF006742EB /* ProgressHUD */; };
		88A30E982A0C53D400472941 /* createNewMessageViewModel.swift in Sources */ = {isa = PBXBuildFile; fileRef = 88A30E972A0C53D400472941 /* createNewMessageViewModel.swift */; };
		88B97B232A17EC6500085C04 /* UpdateProfileView.swift in Sources */ = {isa = PBXBuildFile; fileRef = 88B97B222A17EC6500085C04 /* UpdateProfileView.swift */; };
		88B97B252A17F91100085C04 /* ChangePasswordView.swift in Sources */ = {isa = PBXBuildFile; fileRef = 88B97B242A17F91100085C04 /* ChangePasswordView.swift */; };
		88EE45C2299A66880092EE13 /* User.swift in Sources */ = {isa = PBXBuildFile; fileRef = 88EE45C1299A66880092EE13 /* User.swift */; };
		88EE45C4299A67030092EE13 /* Gesture.swift in Sources */ = {isa = PBXBuildFile; fileRef = 88EE45C3299A67030092EE13 /* Gesture.swift */; };
		88EE45F8299A96970092EE13 /* shapes.riv in Resources */ = {isa = PBXBuildFile; fileRef = 88EE45F6299A96970092EE13 /* shapes.riv */; };
		88EE45F9299A96970092EE13 /* Contents.json in Resources */ = {isa = PBXBuildFile; fileRef = 88EE45F7299A96970092EE13 /* Contents.json */; };
		88EE45FB299BB2230092EE13 /* CustomInputMessage.swift in Sources */ = {isa = PBXBuildFile; fileRef = 88EE45FA299BB2230092EE13 /* CustomInputMessage.swift */; };
		88FC73AF2A0A5C73008FD5F8 /* ProfileSelectorManager.swift in Sources */ = {isa = PBXBuildFile; fileRef = 88FC73AE2A0A5C73008FD5F8 /* ProfileSelectorManager.swift */; };
		88FC73B12A0A67B8008FD5F8 /* MessagesListViewUI.swift in Sources */ = {isa = PBXBuildFile; fileRef = 88FC73B02A0A67B8008FD5F8 /* MessagesListViewUI.swift */; };
		88FC73B32A0A77AE008FD5F8 /* UploadProfileImage.swift in Sources */ = {isa = PBXBuildFile; fileRef = 88FC73B22A0A77AE008FD5F8 /* UploadProfileImage.swift */; };
		88FC73B52A0ABC80008FD5F8 /* fetchUserData.swift in Sources */ = {isa = PBXBuildFile; fileRef = 88FC73B42A0ABC80008FD5F8 /* fetchUserData.swift */; };
		88FC73B82A0AE9C3008FD5F8 /* Kingfisher in Frameworks */ = {isa = PBXBuildFile; productRef = 88FC73B72A0AE9C3008FD5F8 /* Kingfisher */; };
/* End PBXBuildFile section */

/* Begin PBXFileReference section */
		8802B8962A098EAA00674C0B /* onBoarding_1.swift */ = {isa = PBXFileReference; lastKnownFileType = sourcecode.swift; path = onBoarding_1.swift; sourceTree = "<group>"; };
		8802B8982A09A09200674C0B /* onBoarding_2.swift */ = {isa = PBXFileReference; lastKnownFileType = sourcecode.swift; path = onBoarding_2.swift; sourceTree = "<group>"; };
		8802B89A2A09A7C700674C0B /* onBoarding_3.swift */ = {isa = PBXFileReference; lastKnownFileType = sourcecode.swift; path = onBoarding_3.swift; sourceTree = "<group>"; };
		881340AA2A0BB88F0086C540 /* newMessageViewUI.swift */ = {isa = PBXFileReference; lastKnownFileType = sourcecode.swift; path = newMessageViewUI.swift; sourceTree = "<group>"; };
		881E3CDE297EDF200093EA7E /* ProfilePhotoSelectorUI.swift */ = {isa = PBXFileReference; lastKnownFileType = sourcecode.swift; path = ProfilePhotoSelectorUI.swift; sourceTree = "<group>"; };
		883E00AB298AA0A7005241C2 /* CustomTabBar.swift */ = {isa = PBXFileReference; lastKnownFileType = sourcecode.swift; path = CustomTabBar.swift; sourceTree = "<group>"; };
		883E00B32992CE92005241C2 /* CardUI.swift */ = {isa = PBXFileReference; lastKnownFileType = sourcecode.swift; path = CardUI.swift; sourceTree = "<group>"; };
		883E00B729952B2F005241C2 /* settingsView.swift */ = {isa = PBXFileReference; lastKnownFileType = sourcecode.swift; path = settingsView.swift; sourceTree = "<group>"; };
		884700712A0C4A350056E792 /* messageListUsers.swift */ = {isa = PBXFileReference; lastKnownFileType = sourcecode.swift; path = messageListUsers.swift; sourceTree = "<group>"; };
		88471E842953523200DE5B02 /* GoogleService-Info.plist */ = {isa = PBXFileReference; fileEncoding = 4; lastKnownFileType = text.plist.xml; path = "GoogleService-Info.plist"; sourceTree = "<group>"; };
		884D13552912A3B200461D11 /* StuddyBuddies.app */ = {isa = PBXFileReference; explicitFileType = wrapper.application; includeInIndex = 0; path = StuddyBuddies.app; sourceTree = BUILT_PRODUCTS_DIR; };
		884D13582912A3B200461D11 /* StuddyBuddiesApp.swift */ = {isa = PBXFileReference; lastKnownFileType = sourcecode.swift; path = StuddyBuddiesApp.swift; sourceTree = "<group>"; };
		884D135A2912A3B200461D11 /* ContentView.swift */ = {isa = PBXFileReference; lastKnownFileType = sourcecode.swift; path = ContentView.swift; sourceTree = "<group>"; };
		884D135C2912A3B300461D11 /* Assets.xcassets */ = {isa = PBXFileReference; lastKnownFileType = folder.assetcatalog; path = Assets.xcassets; sourceTree = "<group>"; };
		884D135F2912A3B300461D11 /* Preview Assets.xcassets */ = {isa = PBXFileReference; lastKnownFileType = folder.assetcatalog; path = "Preview Assets.xcassets"; sourceTree = "<group>"; };
		884D13672912A5A600461D11 /* CustomInputEmail.swift */ = {isa = PBXFileReference; lastKnownFileType = sourcecode.swift; path = CustomInputEmail.swift; sourceTree = "<group>"; };
		884D13692912A5CD00461D11 /* CustomInputPassword.swift */ = {isa = PBXFileReference; lastKnownFileType = sourcecode.swift; path = CustomInputPassword.swift; sourceTree = "<group>"; };
		884D136B2912A6D800461D11 /* LoginUIView.swift */ = {isa = PBXFileReference; lastKnownFileType = sourcecode.swift; path = LoginUIView.swift; sourceTree = "<group>"; };
		884D136E2912ABA300461D11 /* SignUpUIView.swift */ = {isa = PBXFileReference; lastKnownFileType = sourcecode.swift; path = SignUpUIView.swift; sourceTree = "<group>"; };
		884D13712912AD4F00461D11 /* AuthLog.swift */ = {isa = PBXFileReference; lastKnownFileType = sourcecode.swift; path = AuthLog.swift; sourceTree = "<group>"; };
		884D137E2912BC8600461D11 /* ResetPasswordUI.swift */ = {isa = PBXFileReference; lastKnownFileType = sourcecode.swift; path = ResetPasswordUI.swift; sourceTree = "<group>"; };
		884D13802912BD7100461D11 /* MainViewUI.swift */ = {isa = PBXFileReference; lastKnownFileType = sourcecode.swift; path = MainViewUI.swift; sourceTree = "<group>"; };
		884D13822912BDB100461D11 /* TabBarCustom.swift */ = {isa = PBXFileReference; lastKnownFileType = sourcecode.swift; path = TabBarCustom.swift; sourceTree = "<group>"; };
		88550CE32A0C625B00157155 /* CustomInputAge.swift */ = {isa = PBXFileReference; lastKnownFileType = sourcecode.swift; path = CustomInputAge.swift; sourceTree = "<group>"; };
		88550CE52A0C73DB00157155 /* chatLogViewUI.swift */ = {isa = PBXFileReference; lastKnownFileType = sourcecode.swift; path = chatLogViewUI.swift; sourceTree = "<group>"; };
		88550CEA2A0C854400157155 /* newMessageModel.swift */ = {isa = PBXFileReference; lastKnownFileType = sourcecode.swift; path = newMessageModel.swift; sourceTree = "<group>"; };
		88550CEE2A0D28A100157155 /* recentMessgaeModel.swift */ = {isa = PBXFileReference; lastKnownFileType = sourcecode.swift; path = recentMessgaeModel.swift; sourceTree = "<group>"; };
		88550CF02A0DD28500157155 /* FirebaseManager.swift */ = {isa = PBXFileReference; lastKnownFileType = sourcecode.swift; path = FirebaseManager.swift; sourceTree = "<group>"; };
		88550CF22A0E5E0300157155 /* SplashScreen.swift */ = {isa = PBXFileReference; lastKnownFileType = sourcecode.swift; path = SplashScreen.swift; sourceTree = "<group>"; };
		8860EFA92A1A2D35003E78F1 /* CustomInputCourse.swift */ = {isa = PBXFileReference; lastKnownFileType = sourcecode.swift; path = CustomInputCourse.swift; sourceTree = "<group>"; };
		8860EFAB2A1A2D73003E78F1 /* Subjects.swift */ = {isa = PBXFileReference; lastKnownFileType = sourcecode.swift; path = Subjects.swift; sourceTree = "<group>"; };
		8874743929A3C93800BA125C /* UserProfile.swift */ = {isa = PBXFileReference; lastKnownFileType = sourcecode.swift; path = UserProfile.swift; sourceTree = "<group>"; };
		887958F42916D44E006A6B19 /* ProfileView.swift */ = {isa = PBXFileReference; lastKnownFileType = sourcecode.swift; path = ProfileView.swift; sourceTree = "<group>"; };
		887958F62919817F006A6B19 /* FavouritesUI.swift */ = {isa = PBXFileReference; lastKnownFileType = sourcecode.swift; path = FavouritesUI.swift; sourceTree = "<group>"; };
		889743FD2A14F343004BDA9C /* Enums.swift */ = {isa = PBXFileReference; fileEncoding = 4; lastKnownFileType = sourcecode.swift; path = Enums.swift; sourceTree = "<group>"; };
		889743FE2A14F343004BDA9C /* Extensions.swift */ = {isa = PBXFileReference; fileEncoding = 4; lastKnownFileType = sourcecode.swift; path = Extensions.swift; sourceTree = "<group>"; };
		889743FF2A14F343004BDA9C /* Macros.swift */ = {isa = PBXFileReference; fileEncoding = 4; lastKnownFileType = sourcecode.swift; path = Macros.swift; sourceTree = "<group>"; };
		889744082A14F524004BDA9C /* FirestoreManager.swift */ = {isa = PBXFileReference; fileEncoding = 4; lastKnownFileType = sourcecode.swift; path = FirestoreManager.swift; sourceTree = "<group>"; };
		8897440A2A14F781004BDA9C /* mainViewModel.swift */ = {isa = PBXFileReference; lastKnownFileType = sourcecode.swift; path = mainViewModel.swift; sourceTree = "<group>"; };
		8898595B2A16473F0090564D /* FavouritesViewModel.swift */ = {isa = PBXFileReference; lastKnownFileType = sourcecode.swift; path = FavouritesViewModel.swift; sourceTree = "<group>"; };
		88A30E972A0C53D400472941 /* createNewMessageViewModel.swift */ = {isa = PBXFileReference; lastKnownFileType = sourcecode.swift; path = createNewMessageViewModel.swift; sourceTree = "<group>"; };
		88B97B222A17EC6500085C04 /* UpdateProfileView.swift */ = {isa = PBXFileReference; lastKnownFileType = sourcecode.swift; path = UpdateProfileView.swift; sourceTree = "<group>"; };
		88B97B242A17F91100085C04 /* ChangePasswordView.swift */ = {isa = PBXFileReference; lastKnownFileType = sourcecode.swift; path = ChangePasswordView.swift; sourceTree = "<group>"; };
		88EE45C1299A66880092EE13 /* User.swift */ = {isa = PBXFileReference; lastKnownFileType = sourcecode.swift; path = User.swift; sourceTree = "<group>"; };
		88EE45C3299A67030092EE13 /* Gesture.swift */ = {isa = PBXFileReference; lastKnownFileType = sourcecode.swift; path = Gesture.swift; sourceTree = "<group>"; };
		88EE45F6299A96970092EE13 /* shapes.riv */ = {isa = PBXFileReference; lastKnownFileType = file; path = shapes.riv; sourceTree = "<group>"; };
		88EE45F7299A96970092EE13 /* Contents.json */ = {isa = PBXFileReference; fileEncoding = 4; lastKnownFileType = text.json; path = Contents.json; sourceTree = "<group>"; };
		88EE45FA299BB2230092EE13 /* CustomInputMessage.swift */ = {isa = PBXFileReference; lastKnownFileType = sourcecode.swift; path = CustomInputMessage.swift; sourceTree = "<group>"; };
		88FC73AE2A0A5C73008FD5F8 /* ProfileSelectorManager.swift */ = {isa = PBXFileReference; lastKnownFileType = sourcecode.swift; path = ProfileSelectorManager.swift; sourceTree = "<group>"; };
		88FC73B02A0A67B8008FD5F8 /* MessagesListViewUI.swift */ = {isa = PBXFileReference; lastKnownFileType = sourcecode.swift; path = MessagesListViewUI.swift; sourceTree = "<group>"; };
		88FC73B22A0A77AE008FD5F8 /* UploadProfileImage.swift */ = {isa = PBXFileReference; lastKnownFileType = sourcecode.swift; path = UploadProfileImage.swift; sourceTree = "<group>"; };
		88FC73B42A0ABC80008FD5F8 /* fetchUserData.swift */ = {isa = PBXFileReference; lastKnownFileType = sourcecode.swift; path = fetchUserData.swift; sourceTree = "<group>"; };
/* End PBXFileReference section */

/* Begin PBXFrameworksBuildPhase section */
		884D13522912A3B200461D11 /* Frameworks */ = {
			isa = PBXFrameworksBuildPhase;
			buildActionMask = 2147483647;
			files = (
				88FC73B82A0AE9C3008FD5F8 /* Kingfisher in Frameworks */,
				88A0E31A2A1670FF006742EB /* ProgressHUD in Frameworks */,
				884D13772912AE7300461D11 /* FirebaseDatabase in Frameworks */,
				884D137B2912AE7300461D11 /* FirebaseStorage in Frameworks */,
				884D13752912AE7300461D11 /* FirebaseAuth in Frameworks */,
				884D13792912AE7300461D11 /* FirebaseFirestore in Frameworks */,
				881BDD0D299D300B007E6D93 /* FirebaseFirestoreSwift in Frameworks */,
			);
			runOnlyForDeploymentPostprocessing = 0;
		};
/* End PBXFrameworksBuildPhase section */

/* Begin PBXGroup section */
		883E00A42987E1EA005241C2 /* Model */ = {
			isa = PBXGroup;
			children = (
				88EE45C1299A66880092EE13 /* User.swift */,
				88EE45C3299A67030092EE13 /* Gesture.swift */,
				8874743929A3C93800BA125C /* UserProfile.swift */,
				884700712A0C4A350056E792 /* messageListUsers.swift */,
				88550CEA2A0C854400157155 /* newMessageModel.swift */,
				88550CEE2A0D28A100157155 /* recentMessgaeModel.swift */,
			);
			path = Model;
			sourceTree = "<group>";
		};
		884D134C2912A3B200461D11 = {
			isa = PBXGroup;
			children = (
				884D13572912A3B200461D11 /* StuddyBuddies */,
				884D13562912A3B200461D11 /* Products */,
				88B983082998355A0051C63A /* Frameworks */,
			);
			sourceTree = "<group>";
		};
		884D13562912A3B200461D11 /* Products */ = {
			isa = PBXGroup;
			children = (
				884D13552912A3B200461D11 /* StuddyBuddies.app */,
			);
			name = Products;
			sourceTree = "<group>";
		};
		884D13572912A3B200461D11 /* StuddyBuddies */ = {
			isa = PBXGroup;
			children = (
				883E00A42987E1EA005241C2 /* Model */,
				884D13702912AD3A00461D11 /* ViewModel */,
				884D136D2912AB8300461D11 /* Views */,
				884D13662912A59000461D11 /* CustomComponents */,
				889743F62A14F343004BDA9C /* Extras */,
				884D13582912A3B200461D11 /* StuddyBuddiesApp.swift */,
				884D135A2912A3B200461D11 /* ContentView.swift */,
				884D135C2912A3B300461D11 /* Assets.xcassets */,
				88EE45F5299A96970092EE13 /* shapes.dataset */,
				88471E842953523200DE5B02 /* GoogleService-Info.plist */,
				884D135E2912A3B300461D11 /* Preview Content */,
			);
			path = StuddyBuddies;
			sourceTree = "<group>";
		};
		884D135E2912A3B300461D11 /* Preview Content */ = {
			isa = PBXGroup;
			children = (
				884D135F2912A3B300461D11 /* Preview Assets.xcassets */,
			);
			path = "Preview Content";
			sourceTree = "<group>";
		};
		884D13662912A59000461D11 /* CustomComponents */ = {
			isa = PBXGroup;
			children = (
				884D13672912A5A600461D11 /* CustomInputEmail.swift */,
				884D13692912A5CD00461D11 /* CustomInputPassword.swift */,
				884D13822912BDB100461D11 /* TabBarCustom.swift */,
				883E00AB298AA0A7005241C2 /* CustomTabBar.swift */,
				88EE45FA299BB2230092EE13 /* CustomInputMessage.swift */,
				88550CE32A0C625B00157155 /* CustomInputAge.swift */,
				8860EFA92A1A2D35003E78F1 /* CustomInputCourse.swift */,
			);
			path = CustomComponents;
			sourceTree = "<group>";
		};
		884D136D2912AB8300461D11 /* Views */ = {
			isa = PBXGroup;
			children = (
				884D136B2912A6D800461D11 /* LoginUIView.swift */,
				884D136E2912ABA300461D11 /* SignUpUIView.swift */,
				884D137E2912BC8600461D11 /* ResetPasswordUI.swift */,
				884D13802912BD7100461D11 /* MainViewUI.swift */,
				887958F42916D44E006A6B19 /* ProfileView.swift */,
				887958F62919817F006A6B19 /* FavouritesUI.swift */,
				881E3CDE297EDF200093EA7E /* ProfilePhotoSelectorUI.swift */,
				883E00B32992CE92005241C2 /* CardUI.swift */,
				883E00B729952B2F005241C2 /* settingsView.swift */,
				8802B8962A098EAA00674C0B /* onBoarding_1.swift */,
				8802B8982A09A09200674C0B /* onBoarding_2.swift */,
				8802B89A2A09A7C700674C0B /* onBoarding_3.swift */,
				88FC73B02A0A67B8008FD5F8 /* MessagesListViewUI.swift */,
				881340AA2A0BB88F0086C540 /* newMessageViewUI.swift */,
				88550CE52A0C73DB00157155 /* chatLogViewUI.swift */,
				88550CF22A0E5E0300157155 /* SplashScreen.swift */,
				88B97B222A17EC6500085C04 /* UpdateProfileView.swift */,
				88B97B242A17F91100085C04 /* ChangePasswordView.swift */,
			);
			path = Views;
			sourceTree = "<group>";
		};
		884D13702912AD3A00461D11 /* ViewModel */ = {
			isa = PBXGroup;
			children = (
				884D13712912AD4F00461D11 /* AuthLog.swift */,
				88FC73AE2A0A5C73008FD5F8 /* ProfileSelectorManager.swift */,
				88FC73B22A0A77AE008FD5F8 /* UploadProfileImage.swift */,
				88FC73B42A0ABC80008FD5F8 /* fetchUserData.swift */,
				88A30E972A0C53D400472941 /* createNewMessageViewModel.swift */,
				88550CF02A0DD28500157155 /* FirebaseManager.swift */,
				889744082A14F524004BDA9C /* FirestoreManager.swift */,
				8897440A2A14F781004BDA9C /* mainViewModel.swift */,
				8898595B2A16473F0090564D /* FavouritesViewModel.swift */,
			);
			path = ViewModel;
			sourceTree = "<group>";
		};
		889743F62A14F343004BDA9C /* Extras */ = {
			isa = PBXGroup;
			children = (
				889743FD2A14F343004BDA9C /* Enums.swift */,
				889743FE2A14F343004BDA9C /* Extensions.swift */,
				889743FF2A14F343004BDA9C /* Macros.swift */,
				8860EFAB2A1A2D73003E78F1 /* Subjects.swift */,
			);
			path = Extras;
			sourceTree = "<group>";
		};
		88B983082998355A0051C63A /* Frameworks */ = {
			isa = PBXGroup;
			children = (
			);
			name = Frameworks;
			sourceTree = "<group>";
		};
		88EE45F5299A96970092EE13 /* shapes.dataset */ = {
			isa = PBXGroup;
			children = (
				88EE45F6299A96970092EE13 /* shapes.riv */,
				88EE45F7299A96970092EE13 /* Contents.json */,
			);
			path = shapes.dataset;
			sourceTree = "<group>";
		};
/* End PBXGroup section */

/* Begin PBXNativeTarget section */
		884D13542912A3B200461D11 /* StuddyBuddies */ = {
			isa = PBXNativeTarget;
			buildConfigurationList = 884D13632912A3B300461D11 /* Build configuration list for PBXNativeTarget "StuddyBuddies" */;
			buildPhases = (
				884D13512912A3B200461D11 /* Sources */,
				884D13522912A3B200461D11 /* Frameworks */,
				884D13532912A3B200461D11 /* Resources */,
			);
			buildRules = (
			);
			dependencies = (
			);
			name = StuddyBuddies;
			packageProductDependencies = (
				884D13742912AE7300461D11 /* FirebaseAuth */,
				884D13762912AE7300461D11 /* FirebaseDatabase */,
				884D13782912AE7300461D11 /* FirebaseFirestore */,
				884D137A2912AE7300461D11 /* FirebaseStorage */,
				881BDD0C299D300B007E6D93 /* FirebaseFirestoreSwift */,
				88FC73B72A0AE9C3008FD5F8 /* Kingfisher */,
				88A0E3192A1670FF006742EB /* ProgressHUD */,
			);
			productName = StuddyBuddies;
			productReference = 884D13552912A3B200461D11 /* StuddyBuddies.app */;
			productType = "com.apple.product-type.application";
		};
/* End PBXNativeTarget section */

/* Begin PBXProject section */
		884D134D2912A3B200461D11 /* Project object */ = {
			isa = PBXProject;
			attributes = {
				BuildIndependentTargetsInParallel = 1;
				LastSwiftUpdateCheck = 1400;
				LastUpgradeCheck = 1400;
				TargetAttributes = {
					884D13542912A3B200461D11 = {
						CreatedOnToolsVersion = 14.0.1;
					};
				};
			};
			buildConfigurationList = 884D13502912A3B200461D11 /* Build configuration list for PBXProject "StuddyBuddies" */;
			compatibilityVersion = "Xcode 14.0";
			developmentRegion = en;
			hasScannedForEncodings = 0;
			knownRegions = (
				en,
				Base,
			);
			mainGroup = 884D134C2912A3B200461D11;
			packageReferences = (
				884D13732912AE7300461D11 /* XCRemoteSwiftPackageReference "firebase-ios-sdk" */,
				8867611929982C0F006AD816 /* XCRemoteSwiftPackageReference "rive-ios" */,
				88FC73B62A0AE9C3008FD5F8 /* XCRemoteSwiftPackageReference "Kingfisher" */,
				88A0E3182A1670FF006742EB /* XCRemoteSwiftPackageReference "ProgressHUD" */,
			);
			productRefGroup = 884D13562912A3B200461D11 /* Products */;
			projectDirPath = "";
			projectRoot = "";
			targets = (
				884D13542912A3B200461D11 /* StuddyBuddies */,
			);
		};
/* End PBXProject section */

/* Begin PBXResourcesBuildPhase section */
		884D13532912A3B200461D11 /* Resources */ = {
			isa = PBXResourcesBuildPhase;
			buildActionMask = 2147483647;
			files = (
				88EE45F9299A96970092EE13 /* Contents.json in Resources */,
				884D13602912A3B300461D11 /* Preview Assets.xcassets in Resources */,
				88EE45F8299A96970092EE13 /* shapes.riv in Resources */,
				88471E852953523200DE5B02 /* GoogleService-Info.plist in Resources */,
				884D135D2912A3B300461D11 /* Assets.xcassets in Resources */,
			);
			runOnlyForDeploymentPostprocessing = 0;
		};
/* End PBXResourcesBuildPhase section */

/* Begin PBXSourcesBuildPhase section */
		884D13512912A3B200461D11 /* Sources */ = {
			isa = PBXSourcesBuildPhase;
			buildActionMask = 2147483647;
			files = (
				88550CF32A0E5E0300157155 /* SplashScreen.swift in Sources */,
				88550CE42A0C625B00157155 /* CustomInputAge.swift in Sources */,
				889744052A14F343004BDA9C /* Enums.swift in Sources */,
				8898595C2A16473F0090564D /* FavouritesViewModel.swift in Sources */,
				88EE45FB299BB2230092EE13 /* CustomInputMessage.swift in Sources */,
				88550CF12A0DD28500157155 /* FirebaseManager.swift in Sources */,
				884D136C2912A6D800461D11 /* LoginUIView.swift in Sources */,
				884D13812912BD7100461D11 /* MainViewUI.swift in Sources */,
				88FC73AF2A0A5C73008FD5F8 /* ProfileSelectorManager.swift in Sources */,
				884D13832912BDB100461D11 /* TabBarCustom.swift in Sources */,
				887958F72919817F006A6B19 /* FavouritesUI.swift in Sources */,
				88FC73B52A0ABC80008FD5F8 /* fetchUserData.swift in Sources */,
				883E00B829952B2F005241C2 /* settingsView.swift in Sources */,
				88FC73B12A0A67B8008FD5F8 /* MessagesListViewUI.swift in Sources */,
				889744092A14F524004BDA9C /* FirestoreManager.swift in Sources */,
				889744072A14F343004BDA9C /* Macros.swift in Sources */,
				8860EFAC2A1A2D73003E78F1 /* Subjects.swift in Sources */,
				8860EFAA2A1A2D35003E78F1 /* CustomInputCourse.swift in Sources */,
				8802B89B2A09A7C700674C0B /* onBoarding_3.swift in Sources */,
				88A30E982A0C53D400472941 /* createNewMessageViewModel.swift in Sources */,
				883E00AC298AA0A7005241C2 /* CustomTabBar.swift in Sources */,
				889744062A14F343004BDA9C /* Extensions.swift in Sources */,
				884D135B2912A3B200461D11 /* ContentView.swift in Sources */,
				884700722A0C4A350056E792 /* messageListUsers.swift in Sources */,
				88550CEF2A0D28A100157155 /* recentMessgaeModel.swift in Sources */,
				88B97B252A17F91100085C04 /* ChangePasswordView.swift in Sources */,
				88EE45C4299A67030092EE13 /* Gesture.swift in Sources */,
				884D13722912AD4F00461D11 /* AuthLog.swift in Sources */,
				881E3CDF297EDF200093EA7E /* ProfilePhotoSelectorUI.swift in Sources */,
				884D13682912A5A600461D11 /* CustomInputEmail.swift in Sources */,
				8874743A29A3C93900BA125C /* UserProfile.swift in Sources */,
				8802B8992A09A09200674C0B /* onBoarding_2.swift in Sources */,
				883E00B42992CE92005241C2 /* CardUI.swift in Sources */,
				88550CEB2A0C854400157155 /* newMessageModel.swift in Sources */,
				884D137F2912BC8600461D11 /* ResetPasswordUI.swift in Sources */,
				88FC73B32A0A77AE008FD5F8 /* UploadProfileImage.swift in Sources */,
				884D136A2912A5CD00461D11 /* CustomInputPassword.swift in Sources */,
				884D136F2912ABA300461D11 /* SignUpUIView.swift in Sources */,
				887958F52916D44E006A6B19 /* ProfileView.swift in Sources */,
				884D13592912A3B200461D11 /* StuddyBuddiesApp.swift in Sources */,
				88EE45C2299A66880092EE13 /* User.swift in Sources */,
				8802B8972A098EAA00674C0B /* onBoarding_1.swift in Sources */,
				88550CE62A0C73DB00157155 /* chatLogViewUI.swift in Sources */,
				881340AB2A0BB88F0086C540 /* newMessageViewUI.swift in Sources */,
				88B97B232A17EC6500085C04 /* UpdateProfileView.swift in Sources */,
				8897440B2A14F781004BDA9C /* mainViewModel.swift in Sources */,
			);
			runOnlyForDeploymentPostprocessing = 0;
		};
/* End PBXSourcesBuildPhase section */

/* Begin XCBuildConfiguration section */
		884D13612912A3B300461D11 /* Debug */ = {
			isa = XCBuildConfiguration;
			buildSettings = {
				ALWAYS_SEARCH_USER_PATHS = NO;
				CLANG_ANALYZER_NONNULL = YES;
				CLANG_ANALYZER_NUMBER_OBJECT_CONVERSION = YES_AGGRESSIVE;
				CLANG_CXX_LANGUAGE_STANDARD = "gnu++20";
				CLANG_ENABLE_MODULES = YES;
				CLANG_ENABLE_OBJC_ARC = YES;
				CLANG_ENABLE_OBJC_WEAK = YES;
				CLANG_WARN_BLOCK_CAPTURE_AUTORELEASING = YES;
				CLANG_WARN_BOOL_CONVERSION = YES;
				CLANG_WARN_COMMA = YES;
				CLANG_WARN_CONSTANT_CONVERSION = YES;
				CLANG_WARN_DEPRECATED_OBJC_IMPLEMENTATIONS = YES;
				CLANG_WARN_DIRECT_OBJC_ISA_USAGE = YES_ERROR;
				CLANG_WARN_DOCUMENTATION_COMMENTS = YES;
				CLANG_WARN_EMPTY_BODY = YES;
				CLANG_WARN_ENUM_CONVERSION = YES;
				CLANG_WARN_INFINITE_RECURSION = YES;
				CLANG_WARN_INT_CONVERSION = YES;
				CLANG_WARN_NON_LITERAL_NULL_CONVERSION = YES;
				CLANG_WARN_OBJC_IMPLICIT_RETAIN_SELF = YES;
				CLANG_WARN_OBJC_LITERAL_CONVERSION = YES;
				CLANG_WARN_OBJC_ROOT_CLASS = YES_ERROR;
				CLANG_WARN_QUOTED_INCLUDE_IN_FRAMEWORK_HEADER = YES;
				CLANG_WARN_RANGE_LOOP_ANALYSIS = YES;
				CLANG_WARN_STRICT_PROTOTYPES = YES;
				CLANG_WARN_SUSPICIOUS_MOVE = YES;
				CLANG_WARN_UNGUARDED_AVAILABILITY = YES_AGGRESSIVE;
				CLANG_WARN_UNREACHABLE_CODE = YES;
				CLANG_WARN__DUPLICATE_METHOD_MATCH = YES;
				COPY_PHASE_STRIP = NO;
				DEBUG_INFORMATION_FORMAT = dwarf;
				ENABLE_STRICT_OBJC_MSGSEND = YES;
				ENABLE_TESTABILITY = YES;
				GCC_C_LANGUAGE_STANDARD = gnu11;
				GCC_DYNAMIC_NO_PIC = NO;
				GCC_NO_COMMON_BLOCKS = YES;
				GCC_OPTIMIZATION_LEVEL = 0;
				GCC_PREPROCESSOR_DEFINITIONS = (
					"DEBUG=1",
					"$(inherited)",
				);
				GCC_WARN_64_TO_32_BIT_CONVERSION = YES;
				GCC_WARN_ABOUT_RETURN_TYPE = YES_ERROR;
				GCC_WARN_UNDECLARED_SELECTOR = YES;
				GCC_WARN_UNINITIALIZED_AUTOS = YES_AGGRESSIVE;
				GCC_WARN_UNUSED_FUNCTION = YES;
				GCC_WARN_UNUSED_VARIABLE = YES;
				IPHONEOS_DEPLOYMENT_TARGET = 16.0;
				MTL_ENABLE_DEBUG_INFO = INCLUDE_SOURCE;
				MTL_FAST_MATH = YES;
				ONLY_ACTIVE_ARCH = YES;
				SDKROOT = iphoneos;
				SWIFT_ACTIVE_COMPILATION_CONDITIONS = DEBUG;
				SWIFT_OPTIMIZATION_LEVEL = "-Onone";
			};
			name = Debug;
		};
		884D13622912A3B300461D11 /* Release */ = {
			isa = XCBuildConfiguration;
			buildSettings = {
				ALWAYS_SEARCH_USER_PATHS = NO;
				CLANG_ANALYZER_NONNULL = YES;
				CLANG_ANALYZER_NUMBER_OBJECT_CONVERSION = YES_AGGRESSIVE;
				CLANG_CXX_LANGUAGE_STANDARD = "gnu++20";
				CLANG_ENABLE_MODULES = YES;
				CLANG_ENABLE_OBJC_ARC = YES;
				CLANG_ENABLE_OBJC_WEAK = YES;
				CLANG_WARN_BLOCK_CAPTURE_AUTORELEASING = YES;
				CLANG_WARN_BOOL_CONVERSION = YES;
				CLANG_WARN_COMMA = YES;
				CLANG_WARN_CONSTANT_CONVERSION = YES;
				CLANG_WARN_DEPRECATED_OBJC_IMPLEMENTATIONS = YES;
				CLANG_WARN_DIRECT_OBJC_ISA_USAGE = YES_ERROR;
				CLANG_WARN_DOCUMENTATION_COMMENTS = YES;
				CLANG_WARN_EMPTY_BODY = YES;
				CLANG_WARN_ENUM_CONVERSION = YES;
				CLANG_WARN_INFINITE_RECURSION = YES;
				CLANG_WARN_INT_CONVERSION = YES;
				CLANG_WARN_NON_LITERAL_NULL_CONVERSION = YES;
				CLANG_WARN_OBJC_IMPLICIT_RETAIN_SELF = YES;
				CLANG_WARN_OBJC_LITERAL_CONVERSION = YES;
				CLANG_WARN_OBJC_ROOT_CLASS = YES_ERROR;
				CLANG_WARN_QUOTED_INCLUDE_IN_FRAMEWORK_HEADER = YES;
				CLANG_WARN_RANGE_LOOP_ANALYSIS = YES;
				CLANG_WARN_STRICT_PROTOTYPES = YES;
				CLANG_WARN_SUSPICIOUS_MOVE = YES;
				CLANG_WARN_UNGUARDED_AVAILABILITY = YES_AGGRESSIVE;
				CLANG_WARN_UNREACHABLE_CODE = YES;
				CLANG_WARN__DUPLICATE_METHOD_MATCH = YES;
				COPY_PHASE_STRIP = NO;
				DEBUG_INFORMATION_FORMAT = "dwarf-with-dsym";
				ENABLE_NS_ASSERTIONS = NO;
				ENABLE_STRICT_OBJC_MSGSEND = YES;
				GCC_C_LANGUAGE_STANDARD = gnu11;
				GCC_NO_COMMON_BLOCKS = YES;
				GCC_WARN_64_TO_32_BIT_CONVERSION = YES;
				GCC_WARN_ABOUT_RETURN_TYPE = YES_ERROR;
				GCC_WARN_UNDECLARED_SELECTOR = YES;
				GCC_WARN_UNINITIALIZED_AUTOS = YES_AGGRESSIVE;
				GCC_WARN_UNUSED_FUNCTION = YES;
				GCC_WARN_UNUSED_VARIABLE = YES;
				IPHONEOS_DEPLOYMENT_TARGET = 16.0;
				MTL_ENABLE_DEBUG_INFO = NO;
				MTL_FAST_MATH = YES;
				SDKROOT = iphoneos;
				SWIFT_COMPILATION_MODE = wholemodule;
				SWIFT_OPTIMIZATION_LEVEL = "-O";
				VALIDATE_PRODUCT = YES;
			};
			name = Release;
		};
		884D13642912A3B300461D11 /* Debug */ = {
			isa = XCBuildConfiguration;
			buildSettings = {
				ASSETCATALOG_COMPILER_APPICON_NAME = AppIcon;
				ASSETCATALOG_COMPILER_GLOBAL_ACCENT_COLOR_NAME = AccentColor;
				CODE_SIGN_STYLE = Automatic;
				CURRENT_PROJECT_VERSION = 1;
				DEVELOPMENT_ASSET_PATHS = "\"StuddyBuddies/Preview Content\"";
				DEVELOPMENT_TEAM = DMGRYYH4JQ;
				ENABLE_PREVIEWS = YES;
				GENERATE_INFOPLIST_FILE = YES;
				INFOPLIST_KEY_CFBundleDisplayName = StudyBuddies;
				INFOPLIST_KEY_UIApplicationSceneManifest_Generation = YES;
				INFOPLIST_KEY_UIApplicationSupportsIndirectInputEvents = YES;
				INFOPLIST_KEY_UILaunchScreen_Generation = YES;
				INFOPLIST_KEY_UISupportedInterfaceOrientations = UIInterfaceOrientationPortrait;
				INFOPLIST_KEY_UISupportedInterfaceOrientations_iPad = "UIInterfaceOrientationLandscapeLeft UIInterfaceOrientationLandscapeRight UIInterfaceOrientationPortrait UIInterfaceOrientationPortraitUpsideDown";
				IPHONEOS_DEPLOYMENT_TARGET = 16.0;
				LD_RUNPATH_SEARCH_PATHS = (
					"$(inherited)",
					"@executable_path/Frameworks",
				);
				MARKETING_VERSION = 1.0;
				PRODUCT_BUNDLE_IDENTIFIER = main.StuddyBuddies;
				PRODUCT_NAME = "$(TARGET_NAME)";
				SUPPORTED_PLATFORMS = "iphoneos iphonesimulator";
				SUPPORTS_MACCATALYST = NO;
				SUPPORTS_MAC_DESIGNED_FOR_IPHONE_IPAD = NO;
				SWIFT_EMIT_LOC_STRINGS = YES;
				SWIFT_VERSION = 5.0;
				TARGETED_DEVICE_FAMILY = "1,2";
			};
			name = Debug;
		};
		884D13652912A3B300461D11 /* Release */ = {
			isa = XCBuildConfiguration;
			buildSettings = {
				ASSETCATALOG_COMPILER_APPICON_NAME = AppIcon;
				ASSETCATALOG_COMPILER_GLOBAL_ACCENT_COLOR_NAME = AccentColor;
				CODE_SIGN_STYLE = Automatic;
				CURRENT_PROJECT_VERSION = 1;
				DEVELOPMENT_ASSET_PATHS = "\"StuddyBuddies/Preview Content\"";
				DEVELOPMENT_TEAM = DMGRYYH4JQ;
				ENABLE_PREVIEWS = YES;
				GENERATE_INFOPLIST_FILE = YES;
				INFOPLIST_KEY_CFBundleDisplayName = StudyBuddies;
				INFOPLIST_KEY_UIApplicationSceneManifest_Generation = YES;
				INFOPLIST_KEY_UIApplicationSupportsIndirectInputEvents = YES;
				INFOPLIST_KEY_UILaunchScreen_Generation = YES;
				INFOPLIST_KEY_UISupportedInterfaceOrientations = UIInterfaceOrientationPortrait;
				INFOPLIST_KEY_UISupportedInterfaceOrientations_iPad = "UIInterfaceOrientationLandscapeLeft UIInterfaceOrientationLandscapeRight UIInterfaceOrientationPortrait UIInterfaceOrientationPortraitUpsideDown";
				IPHONEOS_DEPLOYMENT_TARGET = 16.0;
				LD_RUNPATH_SEARCH_PATHS = (
					"$(inherited)",
					"@executable_path/Frameworks",
				);
				MARKETING_VERSION = 1.0;
				PRODUCT_BUNDLE_IDENTIFIER = main.StuddyBuddies;
				PRODUCT_NAME = "$(TARGET_NAME)";
				SUPPORTED_PLATFORMS = "iphoneos iphonesimulator";
				SUPPORTS_MACCATALYST = NO;
				SUPPORTS_MAC_DESIGNED_FOR_IPHONE_IPAD = NO;
				SWIFT_EMIT_LOC_STRINGS = YES;
				SWIFT_VERSION = 5.0;
				TARGETED_DEVICE_FAMILY = "1,2";
			};
			name = Release;
		};
/* End XCBuildConfiguration section */

/* Begin XCConfigurationList section */
		884D13502912A3B200461D11 /* Build configuration list for PBXProject "StuddyBuddies" */ = {
			isa = XCConfigurationList;
			buildConfigurations = (
				884D13612912A3B300461D11 /* Debug */,
				884D13622912A3B300461D11 /* Release */,
			);
			defaultConfigurationIsVisible = 0;
			defaultConfigurationName = Release;
		};
		884D13632912A3B300461D11 /* Build configuration list for PBXNativeTarget "StuddyBuddies" */ = {
			isa = XCConfigurationList;
			buildConfigurations = (
				884D13642912A3B300461D11 /* Debug */,
				884D13652912A3B300461D11 /* Release */,
			);
			defaultConfigurationIsVisible = 0;
			defaultConfigurationName = Release;
		};
/* End XCConfigurationList section */

/* Begin XCRemoteSwiftPackageReference section */
		884D13732912AE7300461D11 /* XCRemoteSwiftPackageReference "firebase-ios-sdk" */ = {
			isa = XCRemoteSwiftPackageReference;
			repositoryURL = "https://github.com/firebase/firebase-ios-sdk.git";
			requirement = {
				kind = upToNextMajorVersion;
				minimumVersion = 9.0.0;
			};
		};
		8867611929982C0F006AD816 /* XCRemoteSwiftPackageReference "rive-ios" */ = {
			isa = XCRemoteSwiftPackageReference;
			repositoryURL = "https://github.com/rive-app/rive-ios";
			requirement = {
				kind = upToNextMajorVersion;
				minimumVersion = 3.0.0;
			};
		};
		88A0E3182A1670FF006742EB /* XCRemoteSwiftPackageReference "ProgressHUD" */ = {
			isa = XCRemoteSwiftPackageReference;
			repositoryURL = "https://github.com/relatedcode/ProgressHUD.git";
			requirement = {
				kind = upToNextMajorVersion;
				minimumVersion = 13.0.0;
			};
		};
		88FC73B62A0AE9C3008FD5F8 /* XCRemoteSwiftPackageReference "Kingfisher" */ = {
			isa = XCRemoteSwiftPackageReference;
			repositoryURL = "https://github.com/onevcat/Kingfisher.git";
			requirement = {
				kind = upToNextMajorVersion;
				minimumVersion = 7.0.0;
			};
		};
/* End XCRemoteSwiftPackageReference section */

/* Begin XCSwiftPackageProductDependency section */
		881BDD0C299D300B007E6D93 /* FirebaseFirestoreSwift */ = {
			isa = XCSwiftPackageProductDependency;
			package = 884D13732912AE7300461D11 /* XCRemoteSwiftPackageReference "firebase-ios-sdk" */;
			productName = FirebaseFirestoreSwift;
		};
		884D13742912AE7300461D11 /* FirebaseAuth */ = {
			isa = XCSwiftPackageProductDependency;
			package = 884D13732912AE7300461D11 /* XCRemoteSwiftPackageReference "firebase-ios-sdk" */;
			productName = FirebaseAuth;
		};
		884D13762912AE7300461D11 /* FirebaseDatabase */ = {
			isa = XCSwiftPackageProductDependency;
			package = 884D13732912AE7300461D11 /* XCRemoteSwiftPackageReference "firebase-ios-sdk" */;
			productName = FirebaseDatabase;
		};
		884D13782912AE7300461D11 /* FirebaseFirestore */ = {
			isa = XCSwiftPackageProductDependency;
			package = 884D13732912AE7300461D11 /* XCRemoteSwiftPackageReference "firebase-ios-sdk" */;
			productName = FirebaseFirestore;
		};
		884D137A2912AE7300461D11 /* FirebaseStorage */ = {
			isa = XCSwiftPackageProductDependency;
			package = 884D13732912AE7300461D11 /* XCRemoteSwiftPackageReference "firebase-ios-sdk" */;
			productName = FirebaseStorage;
		};
		88A0E3192A1670FF006742EB /* ProgressHUD */ = {
			isa = XCSwiftPackageProductDependency;
			package = 88A0E3182A1670FF006742EB /* XCRemoteSwiftPackageReference "ProgressHUD" */;
			productName = ProgressHUD;
		};
		88FC73B72A0AE9C3008FD5F8 /* Kingfisher */ = {
			isa = XCSwiftPackageProductDependency;
			package = 88FC73B62A0AE9C3008FD5F8 /* XCRemoteSwiftPackageReference "Kingfisher" */;
			productName = Kingfisher;
		};
/* End XCSwiftPackageProductDependency section */
	};
	rootObject = 884D134D2912A3B200461D11 /* Project object */;
}
